
Microsoft Visual Studio Solution File, Format Version 12.00
# Visual Studio 15
VisualStudioVersion = 15.0.28010.2019
MinimumVisualStudioVersion = 10.0.40219.1
Project("{F184B08F-C81C-45F6-A57F-5ABD9991F28F}") = "PA9 - Sphere", "PA9 - Sphere\PA9 - Sphere.vbproj", "{250F2259-B2C1-4E55-9810-68E98DD95839}"
EndProject
Global
	GlobalSection(SolutionConfigurationPlatforms) = preSolution
		Debug|Any CPU = Debug|Any CPU
		Release|Any CPU = Release|Any CPU
	EndGlobalSection
	GlobalSection(ProjectConfigurationPlatforms) = postSolution
		{250F2259-B2C1-4E55-9810-68E98DD95839}.Debug|Any CPU.ActiveCfg = Debug|Any CPU
		{250F2259-B2C1-4E55-9810-68E98DD95839}.Debug|Any CPU.Build.0 = Debug|Any CPU
		{250F2259-B2C1-4E55-9810-68E98DD95839}.Release|Any CPU.ActiveCfg = Release|Any CPU
		{250F2259-B2C1-4E55-9810-68E98DD95839}.Release|Any CPU.Build.0 = Release|Any CPU
	EndGlobalSection
	GlobalSection(SolutionProperties) = preSolution
		HideSolutionNode = FALSE
	EndGlobalSection
	GlobalSection(ExtensibilityGlobals) = postSolution
		SolutionGuid = {961A4403-1A6A-4375-8ABB-CF6F31DB79F2}
	EndGlobalSection
EndGlobal
